# This file is automatically @generated by Cargo.
# It is not intended for manual editing.
version = 3

[[package]]
name = "bitflags"
version = "1.3.2"
source = "registry+https://github.com/rust-lang/crates.io-index"
checksum = "bef38d45163c2f1dde094a7dfd33ccf595c92905c8f8f4fdc18d06fb1037718a"

[[package]]
name = "cc"
version = "1.0.77"
source = "registry+https://github.com/rust-lang/crates.io-index"
checksum = "e9f73505338f7d905b19d18738976aae232eb46b8efc15554ffc56deb5d9ebe4"

[[package]]
name = "cfg-if"
version = "1.0.0"
source = "registry+https://github.com/rust-lang/crates.io-index"
checksum = "baf1de4339761588bc0619e3cbc0120ee582ebb74b53b4efbf79117bd2da40fd"

[[package]]
name = "cmake"
version = "0.1.49"
source = "registry+https://github.com/rust-lang/crates.io-index"
checksum = "db34956e100b30725f2eb215f90d4871051239535632f84fea3bc92722c66b7c"
dependencies = [
 "cc",
]

[[package]]
name = "cocoa-colors"
version = "0.1.2"
source = "registry+https://github.com/rust-lang/crates.io-index"
checksum = "a7fc3439406f349e0bc20d7de87314803378a535190d12e62991f7c8474d5296"
dependencies = [
 "cc",
]

[[package]]
name = "color-maps"
version = "0.1.0"
source = "registry+https://github.com/rust-lang/crates.io-index"
checksum = "120b737cc99b0d73bf0a9bfa6086e84c0bde3b955851f37f812865bc08b35feb"
dependencies = [
 "lazy_static",
]

[[package]]
name = "counter"
version = "0.1.0"
dependencies = [
 "flemish",
]

[[package]]
name = "crossbeam-channel"
version = "0.5.6"
source = "registry+https://github.com/rust-lang/crates.io-index"
checksum = "c2dd04ddaf88237dc3b8d8f9a3c1004b506b54b3313403944054d23c0870c521"
dependencies = [
 "cfg-if",
 "crossbeam-utils",
]

[[package]]
name = "crossbeam-utils"
version = "0.8.14"
source = "registry+https://github.com/rust-lang/crates.io-index"
checksum = "4fb766fa798726286dbbb842f174001dab8abc7b627a1dd86e0b7222a95d929f"
dependencies = [
 "cfg-if",
]

[[package]]
name = "flemish"
version = "0.3.1"
source = "registry+https://github.com/rust-lang/crates.io-index"
checksum = "fa433f9aa9cf1c1dc3a2b767f0d5e710a303a7fe6ab7ed01b2647e0e234552ea"
dependencies = [
 "fltk",
 "fltk-theme",
]

[[package]]
name = "fltk"
version = "1.3.22"
source = "registry+https://github.com/rust-lang/crates.io-index"
checksum = "2b56afe348f15a3dc7dae01cc65aefdfa69effe0209ffdc0239041d9a8a38688"
dependencies = [
 "bitflags",
 "crossbeam-channel",
 "fltk-sys",
 "paste",
 "ttf-parser",
]

[[package]]
name = "fltk-sys"
version = "1.3.22"
source = "registry+https://github.com/rust-lang/crates.io-index"
checksum = "755556a31fa15301fde6352499ab97455268c57693dd5a0b27ad45ba913800e2"
dependencies = [
 "cmake",
]

[[package]]
name = "fltk-theme"
version = "0.4.2"
source = "registry+https://github.com/rust-lang/crates.io-index"
checksum = "abee3d9b0ed8bd45d10e4cc279d757ce71c37224482e8377a99906f7be771266"
dependencies = [
 "cocoa-colors",
 "color-maps",
 "fltk",
 "lazy_static",
]

[[package]]
name = "lazy_static"
version = "1.4.0"
source = "registry+https://github.com/rust-lang/crates.io-index"
checksum = "e2abad23fbc42b3700f2f279844dc832adb2b2eb069b2df918f455c4e18cc646"

[[package]]
name = "paste"
version = "1.0.9"
source = "registry+https://github.com/rust-lang/crates.io-index"
checksum = "b1de2e551fb905ac83f73f7aedf2f0cb4a0da7e35efa24a202a936269f1f18e1"

[[package]]
name = "ttf-parser"
version = "0.17.1"
source = "registry+https://github.com/rust-lang/crates.io-index"
checksum = "375812fa44dab6df41c195cd2f7fecb488f6c09fbaafb62807488cefab642bff"
